
Microsoft Visual Studio Solution File, Format Version 12.00
# Visual Studio 2013
VisualStudioVersion = 12.0.21005.1
MinimumVisualStudioVersion = 10.0.40219.1
Project("{FAE04EC0-301F-11D3-BF4B-00C04F79EFBC}") = "Omdb.Net", "Omdb.Net\Omdb.Net.csproj", "{ED0826D2-93AE-4D7C-9E5D-FC79FE983F36}"
EndProject
Project("{FAE04EC0-301F-11D3-BF4B-00C04F79EFBC}") = "Omdb.Net.Tests", "Omdb.Net.Tests\Omdb.Net.Tests.csproj", "{C299C8E8-CC30-4216-BD28-617098F1983A}"
EndProject
Global
	GlobalSection(SolutionConfigurationPlatforms) = preSolution
		Debug|Any CPU = Debug|Any CPU
		Release|Any CPU = Release|Any CPU
	EndGlobalSection
	GlobalSection(ProjectConfigurationPlatforms) = postSolution
		{ED0826D2-93AE-4D7C-9E5D-FC79FE983F36}.Debug|Any CPU.ActiveCfg = Debug|Any CPU
		{ED0826D2-93AE-4D7C-9E5D-FC79FE983F36}.Debug|Any CPU.Build.0 = Debug|Any CPU
		{ED0826D2-93AE-4D7C-9E5D-FC79FE983F36}.Release|Any CPU.ActiveCfg = Release|Any CPU
		{ED0826D2-93AE-4D7C-9E5D-FC79FE983F36}.Release|Any CPU.Build.0 = Release|Any CPU
		{C299C8E8-CC30-4216-BD28-617098F1983A}.Debug|Any CPU.ActiveCfg = Debug|Any CPU
		{C299C8E8-CC30-4216-BD28-617098F1983A}.Debug|Any CPU.Build.0 = Debug|Any CPU
		{C299C8E8-CC30-4216-BD28-617098F1983A}.Release|Any CPU.ActiveCfg = Release|Any CPU
		{C299C8E8-CC30-4216-BD28-617098F1983A}.Release|Any CPU.Build.0 = Release|Any CPU
	EndGlobalSection
	GlobalSection(SolutionProperties) = preSolution
		HideSolutionNode = FALSE
	EndGlobalSection
EndGlobal
